// !$*UTF8*$!
{
	archiveVersion = 1;
	classes = {
	};
	objectVersion = 46;
	objects = {

/* Begin PBXBuildFile section */
		D83556071D6D9E700048363A /* main.m in Sources */ = {isa = PBXBuildFile; fileRef = D83556061D6D9E700048363A /* main.m */; };
		D835560A1D6D9E700048363A /* AppDelegate.m in Sources */ = {isa = PBXBuildFile; fileRef = D83556091D6D9E700048363A /* AppDelegate.m */; };
		D835560D1D6D9E700048363A /* ViewController.m in Sources */ = {isa = PBXBuildFile; fileRef = D835560C1D6D9E700048363A /* ViewController.m */; };
		D83556101D6D9E700048363A /* Main.storyboard in Resources */ = {isa = PBXBuildFile; fileRef = D835560E1D6D9E700048363A /* Main.storyboard */; };
		D83556121D6D9E700048363A /* Assets.xcassets in Resources */ = {isa = PBXBuildFile; fileRef = D83556111D6D9E700048363A /* Assets.xcassets */; };
		D83556151D6D9E700048363A /* LaunchScreen.storyboard in Resources */ = {isa = PBXBuildFile; fileRef = D83556131D6D9E700048363A /* LaunchScreen.storyboard */; };
		D835561F1D6D9F6E0048363A /* QuizViewController.m in Sources */ = {isa = PBXBuildFile; fileRef = D835561D1D6D9F6E0048363A /* QuizViewController.m */; };
		D83556201D6D9F6E0048363A /* QuizViewController.xib in Resources */ = {isa = PBXBuildFile; fileRef = D835561E1D6D9F6E0048363A /* QuizViewController.xib */; };
/* End PBXBuildFile section */

/* Begin PBXFileReference section */
		D83556021D6D9E700048363A /* QuizXIB.app */ = {isa = PBXFileReference; explicitFileType = wrapper.application; includeInIndex = 0; path = QuizXIB.app; sourceTree = BUILT_PRODUCTS_DIR; };
		D83556061D6D9E700048363A /* main.m */ = {isa = PBXFileReference; lastKnownFileType = sourcecode.c.objc; path = main.m; sourceTree = "<group>"; };
		D83556081D6D9E700048363A /* AppDelegate.h */ = {isa = PBXFileReference; lastKnownFileType = sourcecode.c.h; path = AppDelegate.h; sourceTree = "<group>"; };
		D83556091D6D9E700048363A /* AppDelegate.m */ = {isa = PBXFileReference; lastKnownFileType = sourcecode.c.objc; path = AppDelegate.m; sourceTree = "<group>"; };
		D835560B1D6D9E700048363A /* ViewController.h */ = {isa = PBXFileReference; lastKnownFileType = sourcecode.c.h; path = ViewController.h; sourceTree = "<group>"; };
		D835560C1D6D9E700048363A /* ViewController.m */ = {isa = PBXFileReference; lastKnownFileType = sourcecode.c.objc; path = ViewController.m; sourceTree = "<group>"; };
		D835560F1D6D9E700048363A /* Base */ = {isa = PBXFileReference; lastKnownFileType = file.storyboard; name = Base; path = Base.lproj/Main.storyboard; sourceTree = "<group>"; };
		D83556111D6D9E700048363A /* Assets.xcassets */ = {isa = PBXFileReference; lastKnownFileType = folder.assetcatalog; path = Assets.xcassets; sourceTree = "<group>"; };
		D83556141D6D9E700048363A /* Base */ = {isa = PBXFileReference; lastKnownFileType = file.storyboard; name = Base; path = Base.lproj/LaunchScreen.storyboard; sourceTree = "<group>"; };
		D83556161D6D9E700048363A /* Info.plist */ = {isa = PBXFileReference; lastKnownFileType = text.plist.xml; path = Info.plist; sourceTree = "<group>"; };
		D835561C1D6D9F6E0048363A /* QuizViewController.h */ = {isa = PBXFileReference; fileEncoding = 4; lastKnownFileType = sourcecode.c.h; path = QuizViewController.h; sourceTree = "<group>"; };
		D835561D1D6D9F6E0048363A /* QuizViewController.m */ = {isa = PBXFileReference; fileEncoding = 4; lastKnownFileType = sourcecode.c.objc; path = QuizViewController.m; sourceTree = "<group>"; };
		D835561E1D6D9F6E0048363A /* QuizViewController.xib */ = {isa = PBXFileReference; fileEncoding = 4; lastKnownFileType = file.xib; path = QuizViewController.xib; sourceTree = "<group>"; };
/* End PBXFileReference section */

/* Begin PBXFrameworksBuildPhase section */
		D83555FF1D6D9E700048363A /* Frameworks */ = {
			isa = PBXFrameworksBuildPhase;
			buildActionMask = 2147483647;
			files = (
			);
			runOnlyForDeploymentPostprocessing = 0;
		};
/* End PBXFrameworksBuildPhase section */

/* Begin PBXGroup section */
		D83555F91D6D9E700048363A = {
			isa = PBXGroup;
			children = (
				D83556041D6D9E700048363A /* QuizXIB */,
				D83556031D6D9E700048363A /* Products */,
			);
			sourceTree = "<group>";
		};
		D83556031D6D9E700048363A /* Products */ = {
			isa = PBXGroup;
			children = (
				D83556021D6D9E700048363A /* QuizXIB.app */,
			);
			name = Products;
			sourceTree = "<group>";
		};
		D83556041D6D9E700048363A /* QuizXIB */ = {
			isa = PBXGroup;
			children = (
				D83556081D6D9E700048363A /* AppDelegate.h */,
				D83556091D6D9E700048363A /* AppDelegate.m */,
				D835560B1D6D9E700048363A /* ViewController.h */,
				D835560C1D6D9E700048363A /* ViewController.m */,
				D835560E1D6D9E700048363A /* Main.storyboard */,
				D83556111D6D9E700048363A /* Assets.xcassets */,
				D83556131D6D9E700048363A /* LaunchScreen.storyboard */,
				D83556161D6D9E700048363A /* Info.plist */,
				D83556051D6D9E700048363A /* Supporting Files */,
				D835561C1D6D9F6E0048363A /* QuizViewController.h */,
				D835561D1D6D9F6E0048363A /* QuizViewController.m */,
				D835561E1D6D9F6E0048363A /* QuizViewController.xib */,
			);
			path = QuizXIB;
			sourceTree = "<group>";
		};
		D83556051D6D9E700048363A /* Supporting Files */ = {
			isa = PBXGroup;
			children = (
				D83556061D6D9E700048363A /* main.m */,
			);
			name = "Supporting Files";
			sourceTree = "<group>";
		};
/* End PBXGroup section */

/* Begin PBXNativeTarget section */
		D83556011D6D9E700048363A /* QuizXIB */ = {
			isa = PBXNativeTarget;
			buildConfigurationList = D83556191D6D9E700048363A /* Build configuration list for PBXNativeTarget "QuizXIB" */;
			buildPhases = (
				D83555FE1D6D9E700048363A /* Sources */,
				D83555FF1D6D9E700048363A /* Frameworks */,
				D83556001D6D9E700048363A /* Resources */,
			);
			buildRules = (
			);
			dependencies = (
			);
			name = QuizXIB;
			productName = QuizXIB;
			productReference = D83556021D6D9E700048363A /* QuizXIB.app */;
			productType = "com.apple.product-type.application";
		};
/* End PBXNativeTarget section */

/* Begin PBXProject section */
		D83555FA1D6D9E700048363A /* Project object */ = {
			isa = PBXProject;
			attributes = {
				LastUpgradeCheck = 0730;
				ORGANIZATIONNAME = "Supakit Thanadittagorn";
				TargetAttributes = {
					D83556011D6D9E700048363A = {
						CreatedOnToolsVersion = 7.3.1;
						DevelopmentTeam = 934E82A6FW;
					};
				};
			};
			buildConfigurationList = D83555FD1D6D9E700048363A /* Build configuration list for PBXProject "QuizXIB" */;
			compatibilityVersion = "Xcode 3.2";
			developmentRegion = English;
			hasScannedForEncodings = 0;
			knownRegions = (
				en,
				Base,
			);
			mainGroup = D83555F91D6D9E700048363A;
			productRefGroup = D83556031D6D9E700048363A /* Products */;
			projectDirPath = "";
			projectRoot = "";
			targets = (
				D83556011D6D9E700048363A /* QuizXIB */,
			);
		};
/* End PBXProject section */

/* Begin PBXResourcesBuildPhase section */
		D83556001D6D9E700048363A /* Resources */ = {
			isa = PBXResourcesBuildPhase;
			buildActionMask = 2147483647;
			files = (
				D83556151D6D9E700048363A /* LaunchScreen.storyboard in Resources */,
				D83556121D6D9E700048363A /* Assets.xcassets in Resources */,
				D83556101D6D9E700048363A /* Main.storyboard in Resources */,
				D83556201D6D9F6E0048363A /* QuizViewController.xib in Resources */,
			);
			runOnlyForDeploymentPostprocessing = 0;
		};
/* End PBXResourcesBuildPhase section */

/* Begin PBXSourcesBuildPhase section */
		D83555FE1D6D9E700048363A /* Sources */ = {
			isa = PBXSourcesBuildPhase;
			buildActionMask = 2147483647;
			files = (
				D835560D1D6D9E700048363A /* ViewController.m in Sources */,
				D835560A1D6D9E700048363A /* AppDelegate.m in Sources */,
				D83556071D6D9E700048363A /* main.m in Sources */,
				D835561F1D6D9F6E0048363A /* QuizViewController.m in Sources */,
			);
			runOnlyForDeploymentPostprocessing = 0;
		};
/* End PBXSourcesBuildPhase section */

/* Begin PBXVariantGroup section */
		D835560E1D6D9E700048363A /* Main.storyboard */ = {
			isa = PBXVariantGroup;
			children = (
				D835560F1D6D9E700048363A /* Base */,
			);
			name = Main.storyboard;
			sourceTree = "<group>";
		};
		D83556131D6D9E700048363A /* LaunchScreen.storyboard */ = {
			isa = PBXVariantGroup;
			children = (
				D83556141D6D9E700048363A /* Base */,
			);
			name = LaunchScreen.storyboard;
			sourceTree = "<group>";
		};
/* End PBXVariantGroup section */

/* Begin XCBuildConfiguration section */
		D83556171D6D9E700048363A /* Debug */ = {
			isa = XCBuildConfiguration;
			buildSettings = {
				ALWAYS_SEARCH_USER_PATHS = NO;
				CLANG_ANALYZER_NONNULL = YES;
				CLANG_CXX_LANGUAGE_STANDARD = "gnu++0x";
				CLANG_CXX_LIBRARY = "libc++";
				CLANG_ENABLE_MODULES = YES;
				CLANG_ENABLE_OBJC_ARC = YES;
				CLANG_WARN_BOOL_CONVERSION = YES;
				CLANG_WARN_CONSTANT_CONVERSION = YES;
				CLANG_WARN_DIRECT_OBJC_ISA_USAGE = YES_ERROR;
				CLANG_WARN_EMPTY_BODY = YES;
				CLANG_WARN_ENUM_CONVERSION = YES;
				CLANG_WARN_INT_CONVERSION = YES;
				CLANG_WARN_OBJC_ROOT_CLASS = YES_ERROR;
				CLANG_WARN_UNREACHABLE_CODE = YES;
				CLANG_WARN__DUPLICATE_METHOD_MATCH = YES;
				"CODE_SIGN_IDENTITY[sdk=iphoneos*]" = "iPhone Developer";
				COPY_PHASE_STRIP = NO;
				DEBUG_INFORMATION_FORMAT = dwarf;
				ENABLE_STRICT_OBJC_MSGSEND = YES;
				ENABLE_TESTABILITY = YES;
				GCC_C_LANGUAGE_STANDARD = gnu99;
				GCC_DYNAMIC_NO_PIC = NO;
				GCC_NO_COMMON_BLOCKS = YES;
				GCC_OPTIMIZATION_LEVEL = 0;
				GCC_PREPROCESSOR_DEFINITIONS = (
					"DEBUG=1",
					"$(inherited)",
				);
				GCC_WARN_64_TO_32_BIT_CONVERSION = YES;
				GCC_WARN_ABOUT_RETURN_TYPE = YES_ERROR;
				GCC_WARN_UNDECLARED_SELECTOR = YES;
				GCC_WARN_UNINITIALIZED_AUTOS = YES_AGGRESSIVE;
				GCC_WARN_UNUSED_FUNCTION = YES;
				GCC_WARN_UNUSED_VARIABLE = YES;
				IPHONEOS_DEPLOYMENT_TARGET = 9.3;
				MTL_ENABLE_DEBUG_INFO = YES;
				ONLY_ACTIVE_ARCH = YES;
				SDKROOT = iphoneos;
			};
			name = Debug;
		};
		D83556181D6D9E700048363A /* Release */ = {
			isa = XCBuildConfiguration;
			buildSettings = {
				ALWAYS_SEARCH_USER_PATHS = NO;
				CLANG_ANALYZER_NONNULL = YES;
				CLANG_CXX_LANGUAGE_STANDARD = "gnu++0x";
				CLANG_CXX_LIBRARY = "libc++";
				CLANG_ENABLE_MODULES = YES;
				CLANG_ENABLE_OBJC_ARC = YES;
				CLANG_WARN_BOOL_CONVERSION = YES;
				CLANG_WARN_CONSTANT_CONVERSION = YES;
				CLANG_WARN_DIRECT_OBJC_ISA_USAGE = YES_ERROR;
				CLANG_WARN_EMPTY_BODY = YES;
				CLANG_WARN_ENUM_CONVERSION = YES;
				CLANG_WARN_INT_CONVERSION = YES;
				CLANG_WARN_OBJC_ROOT_CLASS = YES_ERROR;
				CLANG_WARN_UNREACHABLE_CODE = YES;
				CLANG_WARN__DUPLICATE_METHOD_MATCH = YES;
				"CODE_SIGN_IDENTITY[sdk=iphoneos*]" = "iPhone Developer";
				COPY_PHASE_STRIP = NO;
				DEBUG_INFORMATION_FORMAT = "dwarf-with-dsym";
				ENABLE_NS_ASSERTIONS = NO;
				ENABLE_STRICT_OBJC_MSGSEND = YES;
				GCC_C_LANGUAGE_STANDARD = gnu99;
				GCC_NO_COMMON_BLOCKS = YES;
				GCC_WARN_64_TO_32_BIT_CONVERSION = YES;
				GCC_WARN_ABOUT_RETURN_TYPE = YES_ERROR;
				GCC_WARN_UNDECLARED_SELECTOR = YES;
				GCC_WARN_UNINITIALIZED_AUTOS = YES_AGGRESSIVE;
				GCC_WARN_UNUSED_FUNCTION = YES;
				GCC_WARN_UNUSED_VARIABLE = YES;
				IPHONEOS_DEPLOYMENT_TARGET = 9.3;
				MTL_ENABLE_DEBUG_INFO = NO;
				SDKROOT = iphoneos;
				VALIDATE_PRODUCT = YES;
			};
			name = Release;
		};
		D835561A1D6D9E700048363A /* Debug */ = {
			isa = XCBuildConfiguration;
			buildSettings = {
				ASSETCATALOG_COMPILER_APPICON_NAME = AppIcon;
				INFOPLIST_FILE = QuizXIB/Info.plist;
				LD_RUNPATH_SEARCH_PATHS = "$(inherited) @executable_path/Frameworks";
				PRODUCT_BUNDLE_IDENTIFIER = com.supakit.QuizXIB;
				PRODUCT_NAME = "$(TARGET_NAME)";
			};
			name = Debug;
		};
		D835561B1D6D9E700048363A /* Release */ = {
			isa = XCBuildConfiguration;
			buildSettings = {
				ASSETCATALOG_COMPILER_APPICON_NAME = AppIcon;
				INFOPLIST_FILE = QuizXIB/Info.plist;
				LD_RUNPATH_SEARCH_PATHS = "$(inherited) @executable_path/Frameworks";
				PRODUCT_BUNDLE_IDENTIFIER = com.supakit.QuizXIB;
				PRODUCT_NAME = "$(TARGET_NAME)";
			};
			name = Release;
		};
/* End XCBuildConfiguration section */

/* Begin XCConfigurationList section */
		D83555FD1D6D9E700048363A /* Build configuration list for PBXProject "QuizXIB" */ = {
			isa = XCConfigurationList;
			buildConfigurations = (
				D83556171D6D9E700048363A /* Debug */,
				D83556181D6D9E700048363A /* Release */,
			);
			defaultConfigurationIsVisible = 0;
			defaultConfigurationName = Release;
		};
		D83556191D6D9E700048363A /* Build configuration list for PBXNativeTarget "QuizXIB" */ = {
			isa = XCConfigurationList;
			buildConfigurations = (
				D835561A1D6D9E700048363A /* Debug */,
				D835561B1D6D9E700048363A /* Release */,
			);
			defaultConfigurationIsVisible = 0;
		};
/* End XCConfigurationList section */
	};
	rootObject = D83555FA1D6D9E700048363A /* Project object */;
}
